hash: a9d6fb434bcd86466ef7f4d1e5e1d0398cf2301cb30a7fe7cda96a920dd92424
updated: 2017-01-13T08:18:49.455925718-07:00
imports:
- name: github.com/alecthomas/template
  version: b867cc6ab45cece8143cfcc6fc9c77cf3f2c23c0
  subpackages:
  - parse
- name: github.com/alecthomas/units
  version: 6b4e7dc5e3143b85ea77909c72caf89416fc2915
- name: github.com/boltdb/bolt
  version: 4d30731e9122988d2012a9574c43f80f054a0d3b
- name: github.com/cloudfoundry-community/firehose-to-syslog
  version: d805f1612c179250a66cdaee62d4aa7101446da9
  subpackages:
  - caching
  - eventRouting
  - events
  - extrafields
  - firehoseclient
  - logging
  - utils
- name: github.com/cloudfoundry-community/go-cfclient
  version: 281b53c3fa2872518cabf3293a30a7cacd0fcbcb
- name: github.com/cloudfoundry/noaa
  version: 0ca0d30d65c7422750132450593d402428dd2273
  subpackages:
  - consumer
  - consumer/internal
  - errors
- name: github.com/cloudfoundry/sonde-go
  version: 81c3f6be579cf4337477a8b0d03852d0760b5801
  subpackages:
  - events
- name: github.com/gogo/protobuf
  version: a4cceea7a401a73fefafd1a21fedbd4694124a82
  subpackages:
  - gogoproto
  - proto
  - protoc-gen-gogo/descriptor
- name: github.com/golang/protobuf
  version: 2c1988e8c18d14b142c0b472624f71647cf39adb
  subpackages:
  - proto
- name: github.com/gorilla/websocket
  version: a69d25be2fe2923a97c2af6849b2f52426f68fc0
- name: github.com/mailru/easyjson
  version: 159cdb893c982e3d1bc6450322fedd514f9c9de3
  subpackages:
  - buffer
  - jlexer
  - jwriter
- name: github.com/moul/http2curl
  version: 4e24498b31dba4683efb9d35c1c8a91e2eda28c8
- name: github.com/parnurzeal/gorequest
  version: 2aea80ce763523ecc6452e61c3727ae9595a5809
- name: github.com/Sirupsen/logrus
  version: 4b6ea7319e214d98c938f12692336f7ca9348d6b
  subpackages:
  - hooks/syslog
- name: golang.org/x/net
  version: 7dbad50ab5b31073856416cdcfeb2796d682f844
  subpackages:
  - context
  - publicsuffix
- name: golang.org/x/oauth2
  version: da3ce8d62a7f77aadfda06cb82bd604d6469c645
  subpackages:
  - clientcredentials
  - internal
- name: golang.org/x/sys
  version: 9d4e42a20653790449273b3c85e67d6d8bae6e2e
  subpackages:
  - unix
- name: google.golang.org/appengine
  version: e951d3868b377b14f4e60efa3a301532ee3c1ebf
  subpackages:
  - internal
  - internal/base
  - internal/datastore
  - internal/log
  - internal/remote_api
  - internal/urlfetch
  - urlfetch
- name: gopkg.in/alecthomas/kingpin.v2
  version: e9044be3ab2a8e11d4e1f418d12f0790d57e8d70
testImports:
- name: github.com/onsi/ginkgo
  version: 43e2af1f01ace55adbb6d7d0f30416476db1baae
  subpackages:
  - config
  - internal/codelocation
  - internal/containernode
  - internal/failer
  - internal/leafnodes
  - internal/remote
  - internal/spec
  - internal/specrunner
  - internal/suite
  - internal/testingtproxy
  - internal/writer
  - reporters
  - reporters/stenographer
  - types
- name: github.com/onsi/gomega
  version: c90bd38f8da6e92f8b114953db2f0ad7361fb4b4
  subpackages:
  - format
  - ghttp
  - internal/assertion
  - internal/asyncassertion
  - internal/oraclematcher
  - internal/testingtsupport
  - matchers
  - matchers/support/goraph/bipartitegraph
  - matchers/support/goraph/edge
  - matchers/support/goraph/node
  - matchers/support/goraph/util
  - types
- name: gopkg.in/yaml.v2
  version: e4d366fc3c7938e2958e662b4258c7a89e1f0e3e
